
Microsoft Visual Studio Solution File, Format Version 12.00
# Visual Studio Version 17
VisualStudioVersion = 17.6.33829.357
MinimumVisualStudioVersion = 10.0.40219.1
Project("{9A19103F-16F7-4668-BE54-9A1E7A4F7556}") = "API", "ecommerce\API.csproj", "{40FD3AD1-F649-4A0E-9E54-50C80802E1CC}"
EndProject
Project("{9A19103F-16F7-4668-BE54-9A1E7A4F7556}") = "DOMAIN", "CORE\DOMAIN.csproj", "{F069E0AC-AB21-4167-BA3F-2BFB6F8AAAF3}"
EndProject
Project("{9A19103F-16F7-4668-BE54-9A1E7A4F7556}") = "PERSISTENCE", "PERSISTENCE\PERSISTENCE.csproj", "{74B30FC0-6428-4E8D-A390-67598A25F584}"
EndProject
Project("{9A19103F-16F7-4668-BE54-9A1E7A4F7556}") = "APPLICATION", "APPLICATION\APPLICATION.csproj", "{8B06D3EE-E0CA-4FF2-BC66-0B3FC6FC5535}"
EndProject
Project("{FAE04EC0-301F-11D3-BF4B-00C04F79EFBC}") = "SERVICES", "SERVICES\SERVICES.csproj", "{4FAFCE38-DB33-4193-ABB4-28735354C766}"
EndProject
Global
	GlobalSection(SolutionConfigurationPlatforms) = preSolution
		Debug|Any CPU = Debug|Any CPU
		Release|Any CPU = Release|Any CPU
	EndGlobalSection
	GlobalSection(ProjectConfigurationPlatforms) = postSolution
		{40FD3AD1-F649-4A0E-9E54-50C80802E1CC}.Debug|Any CPU.ActiveCfg = Debug|Any CPU
		{40FD3AD1-F649-4A0E-9E54-50C80802E1CC}.Debug|Any CPU.Build.0 = Debug|Any CPU
		{40FD3AD1-F649-4A0E-9E54-50C80802E1CC}.Release|Any CPU.ActiveCfg = Release|Any CPU
		{40FD3AD1-F649-4A0E-9E54-50C80802E1CC}.Release|Any CPU.Build.0 = Release|Any CPU
		{F069E0AC-AB21-4167-BA3F-2BFB6F8AAAF3}.Debug|Any CPU.ActiveCfg = Debug|Any CPU
		{F069E0AC-AB21-4167-BA3F-2BFB6F8AAAF3}.Debug|Any CPU.Build.0 = Debug|Any CPU
		{F069E0AC-AB21-4167-BA3F-2BFB6F8AAAF3}.Release|Any CPU.ActiveCfg = Release|Any CPU
		{F069E0AC-AB21-4167-BA3F-2BFB6F8AAAF3}.Release|Any CPU.Build.0 = Release|Any CPU
		{74B30FC0-6428-4E8D-A390-67598A25F584}.Debug|Any CPU.ActiveCfg = Debug|Any CPU
		{74B30FC0-6428-4E8D-A390-67598A25F584}.Debug|Any CPU.Build.0 = Debug|Any CPU
		{74B30FC0-6428-4E8D-A390-67598A25F584}.Release|Any CPU.ActiveCfg = Release|Any CPU
		{74B30FC0-6428-4E8D-A390-67598A25F584}.Release|Any CPU.Build.0 = Release|Any CPU
		{8B06D3EE-E0CA-4FF2-BC66-0B3FC6FC5535}.Debug|Any CPU.ActiveCfg = Debug|Any CPU
		{8B06D3EE-E0CA-4FF2-BC66-0B3FC6FC5535}.Debug|Any CPU.Build.0 = Debug|Any CPU
		{8B06D3EE-E0CA-4FF2-BC66-0B3FC6FC5535}.Release|Any CPU.ActiveCfg = Release|Any CPU
		{8B06D3EE-E0CA-4FF2-BC66-0B3FC6FC5535}.Release|Any CPU.Build.0 = Release|Any CPU
		{4FAFCE38-DB33-4193-ABB4-28735354C766}.Debug|Any CPU.ActiveCfg = Debug|Any CPU
		{4FAFCE38-DB33-4193-ABB4-28735354C766}.Debug|Any CPU.Build.0 = Debug|Any CPU
		{4FAFCE38-DB33-4193-ABB4-28735354C766}.Release|Any CPU.ActiveCfg = Release|Any CPU
		{4FAFCE38-DB33-4193-ABB4-28735354C766}.Release|Any CPU.Build.0 = Release|Any CPU
	EndGlobalSection
	GlobalSection(SolutionProperties) = preSolution
		HideSolutionNode = FALSE
	EndGlobalSection
	GlobalSection(ExtensibilityGlobals) = postSolution
		SolutionGuid = {8C7DCEB2-BA85-4B5B-9016-09754D6864D0}
	EndGlobalSection
EndGlobal
